
Microsoft Visual Studio Solution File, Format Version 12.00
# Visual Studio Version 17
VisualStudioVersion = 17.1.32328.378
MinimumVisualStudioVersion = 10.0.40219.1
Project("{FAE04EC0-301F-11D3-BF4B-00C04F79EFBC}") = "PaymentIntegrations", "PaymentIntegrations\PaymentIntegrations.csproj", "{B3B874E8-5932-4C2B-923D-8A6AF8FB1240}"
EndProject
Global
	GlobalSection(SolutionConfigurationPlatforms) = preSolution
		Debug|Any CPU = Debug|Any CPU
		Release|Any CPU = Release|Any CPU
	EndGlobalSection
	GlobalSection(ProjectConfigurationPlatforms) = postSolution
		{B3B874E8-5932-4C2B-923D-8A6AF8FB1240}.Debug|Any CPU.ActiveCfg = Debug|Any CPU
		{B3B874E8-5932-4C2B-923D-8A6AF8FB1240}.Debug|Any CPU.Build.0 = Debug|Any CPU
		{B3B874E8-5932-4C2B-923D-8A6AF8FB1240}.Release|Any CPU.ActiveCfg = Release|Any CPU
		{B3B874E8-5932-4C2B-923D-8A6AF8FB1240}.Release|Any CPU.Build.0 = Release|Any CPU
	EndGlobalSection
	GlobalSection(SolutionProperties) = preSolution
		HideSolutionNode = FALSE
	EndGlobalSection
	GlobalSection(ExtensibilityGlobals) = postSolution
		SolutionGuid = {BCA07E6B-F98B-4838-89E0-A4EF4E4F0E2F}
	EndGlobalSection
EndGlobal
